
Microsoft Visual Studio Solution File, Format Version 12.00
# Visual Studio Version 16
VisualStudioVersion = 16.0.30804.86
MinimumVisualStudioVersion = 10.0.40219.1
Project("{9A19103F-16F7-4668-BE54-9A1E7A4F7556}") = "AppDD.Api", "AppDD.Api\AppDD.Api.csproj", "{84D1E696-40FC-4CE7-B19D-1D8E4D5D737B}"
EndProject
Project("{9A19103F-16F7-4668-BE54-9A1E7A4F7556}") = "AppDD.Core", "AppDD.Core\AppDD.Core.csproj", "{53D39093-8DB7-4FB9-A0A1-6D18FF84B69B}"
EndProject
Project("{9A19103F-16F7-4668-BE54-9A1E7A4F7556}") = "AppDD.Infrastructure", "AppDD.Infrastructure\AppDD.Infrastructure.csproj", "{873B9BDB-0CA4-4810-B0E0-AA49DB8CDAEA}"
EndProject
Project("{2150E333-8FDC-42A3-9474-1A3956D46DE8}") = "Tests", "Tests", "{969B46DD-7A46-4AFA-B57A-8D56ED9D3BE3}"
EndProject
Project("{FAE04EC0-301F-11D3-BF4B-00C04F79EFBC}") = "AppDD.UnitTests", "AppDD.UnitTests\AppDD.UnitTests.csproj", "{3296D929-BA3E-475F-AA54-83DE3D759525}"
EndProject
Project("{FAE04EC0-301F-11D3-BF4B-00C04F79EFBC}") = "AppDD.IntegrationTests", "AppDD.IntegrationTests\AppDD.IntegrationTests.csproj", "{328F31F3-DA07-4377-A734-ABEBF37C4CCC}"
EndProject
Global
	GlobalSection(SolutionConfigurationPlatforms) = preSolution
		Debug|Any CPU = Debug|Any CPU
		Release|Any CPU = Release|Any CPU
	EndGlobalSection
	GlobalSection(ProjectConfigurationPlatforms) = postSolution
		{84D1E696-40FC-4CE7-B19D-1D8E4D5D737B}.Debug|Any CPU.ActiveCfg = Debug|Any CPU
		{84D1E696-40FC-4CE7-B19D-1D8E4D5D737B}.Debug|Any CPU.Build.0 = Debug|Any CPU
		{84D1E696-40FC-4CE7-B19D-1D8E4D5D737B}.Release|Any CPU.ActiveCfg = Release|Any CPU
		{84D1E696-40FC-4CE7-B19D-1D8E4D5D737B}.Release|Any CPU.Build.0 = Release|Any CPU
		{53D39093-8DB7-4FB9-A0A1-6D18FF84B69B}.Debug|Any CPU.ActiveCfg = Debug|Any CPU
		{53D39093-8DB7-4FB9-A0A1-6D18FF84B69B}.Debug|Any CPU.Build.0 = Debug|Any CPU
		{53D39093-8DB7-4FB9-A0A1-6D18FF84B69B}.Release|Any CPU.ActiveCfg = Release|Any CPU
		{53D39093-8DB7-4FB9-A0A1-6D18FF84B69B}.Release|Any CPU.Build.0 = Release|Any CPU
		{873B9BDB-0CA4-4810-B0E0-AA49DB8CDAEA}.Debug|Any CPU.ActiveCfg = Debug|Any CPU
		{873B9BDB-0CA4-4810-B0E0-AA49DB8CDAEA}.Debug|Any CPU.Build.0 = Debug|Any CPU
		{873B9BDB-0CA4-4810-B0E0-AA49DB8CDAEA}.Release|Any CPU.ActiveCfg = Release|Any CPU
		{873B9BDB-0CA4-4810-B0E0-AA49DB8CDAEA}.Release|Any CPU.Build.0 = Release|Any CPU
		{3296D929-BA3E-475F-AA54-83DE3D759525}.Debug|Any CPU.ActiveCfg = Debug|Any CPU
		{3296D929-BA3E-475F-AA54-83DE3D759525}.Debug|Any CPU.Build.0 = Debug|Any CPU
		{3296D929-BA3E-475F-AA54-83DE3D759525}.Release|Any CPU.ActiveCfg = Release|Any CPU
		{3296D929-BA3E-475F-AA54-83DE3D759525}.Release|Any CPU.Build.0 = Release|Any CPU
		{328F31F3-DA07-4377-A734-ABEBF37C4CCC}.Debug|Any CPU.ActiveCfg = Debug|Any CPU
		{328F31F3-DA07-4377-A734-ABEBF37C4CCC}.Debug|Any CPU.Build.0 = Debug|Any CPU
		{328F31F3-DA07-4377-A734-ABEBF37C4CCC}.Release|Any CPU.ActiveCfg = Release|Any CPU
		{328F31F3-DA07-4377-A734-ABEBF37C4CCC}.Release|Any CPU.Build.0 = Release|Any CPU
	EndGlobalSection
	GlobalSection(SolutionProperties) = preSolution
		HideSolutionNode = FALSE
	EndGlobalSection
	GlobalSection(NestedProjects) = preSolution
		{3296D929-BA3E-475F-AA54-83DE3D759525} = {969B46DD-7A46-4AFA-B57A-8D56ED9D3BE3}
		{328F31F3-DA07-4377-A734-ABEBF37C4CCC} = {969B46DD-7A46-4AFA-B57A-8D56ED9D3BE3}
	EndGlobalSection
	GlobalSection(ExtensibilityGlobals) = postSolution
		SolutionGuid = {339A99BA-0DAB-4087-84EF-DF36168E7EE6}
	EndGlobalSection
EndGlobal
